
Microsoft Visual Studio Solution File, Format Version 12.00
# Visual Studio Version 16
VisualStudioVersion = 16.0.30503.244
MinimumVisualStudioVersion = 10.0.40219.1
Project("{FAE04EC0-301F-11D3-BF4B-00C04F79EFBC}") = "Actividad 2", "Actividad 2\Actividad 2.csproj", "{F5234216-BDA1-4237-A5CF-78265E8F20A0}"
EndProject
Project("{FAE04EC0-301F-11D3-BF4B-00C04F79EFBC}") = "Actividad3", "Actividad3\Actividad3.csproj", "{A3914F8D-9BA8-4CE3-AA12-4279A3B96359}"
EndProject
Project("{FAE04EC0-301F-11D3-BF4B-00C04F79EFBC}") = "Actividad4", "Actividad4\Actividad4.csproj", "{C6D1F8F6-35CF-49DA-8D13-F1DC5BB3545A}"
EndProject
Global
	GlobalSection(SolutionConfigurationPlatforms) = preSolution
		Debug|Any CPU = Debug|Any CPU
		Release|Any CPU = Release|Any CPU
	EndGlobalSection
	GlobalSection(ProjectConfigurationPlatforms) = postSolution
		{F5234216-BDA1-4237-A5CF-78265E8F20A0}.Debug|Any CPU.ActiveCfg = Debug|Any CPU
		{F5234216-BDA1-4237-A5CF-78265E8F20A0}.Debug|Any CPU.Build.0 = Debug|Any CPU
		{F5234216-BDA1-4237-A5CF-78265E8F20A0}.Release|Any CPU.ActiveCfg = Release|Any CPU
		{F5234216-BDA1-4237-A5CF-78265E8F20A0}.Release|Any CPU.Build.0 = Release|Any CPU
		{A3914F8D-9BA8-4CE3-AA12-4279A3B96359}.Debug|Any CPU.ActiveCfg = Debug|Any CPU
		{A3914F8D-9BA8-4CE3-AA12-4279A3B96359}.Debug|Any CPU.Build.0 = Debug|Any CPU
		{A3914F8D-9BA8-4CE3-AA12-4279A3B96359}.Release|Any CPU.ActiveCfg = Release|Any CPU
		{A3914F8D-9BA8-4CE3-AA12-4279A3B96359}.Release|Any CPU.Build.0 = Release|Any CPU
		{C6D1F8F6-35CF-49DA-8D13-F1DC5BB3545A}.Debug|Any CPU.ActiveCfg = Debug|Any CPU
		{C6D1F8F6-35CF-49DA-8D13-F1DC5BB3545A}.Debug|Any CPU.Build.0 = Debug|Any CPU
		{C6D1F8F6-35CF-49DA-8D13-F1DC5BB3545A}.Release|Any CPU.ActiveCfg = Release|Any CPU
		{C6D1F8F6-35CF-49DA-8D13-F1DC5BB3545A}.Release|Any CPU.Build.0 = Release|Any CPU
	EndGlobalSection
	GlobalSection(SolutionProperties) = preSolution
		HideSolutionNode = FALSE
	EndGlobalSection
	GlobalSection(ExtensibilityGlobals) = postSolution
		SolutionGuid = {1A87154B-B88E-4FD3-875C-FA1C1EE60348}
	EndGlobalSection
EndGlobal
